
Microsoft Visual Studio Solution File, Format Version 12.00
# Visual Studio Version 17
VisualStudioVersion = 17.5.33502.453
MinimumVisualStudioVersion = 10.0.40219.1
Project("{8BC9CEB8-8B4A-11D0-8D11-00A0C91BC942}") = "Brainstorming", "Brainstorming\Brainstorming.vcxproj", "{937BF83D-D266-4E17-B81E-420A20AFCFCC}"
EndProject
Global
	GlobalSection(SolutionConfigurationPlatforms) = preSolution
		Debug|x64 = Debug|x64
		Debug|x86 = Debug|x86
		Release|x64 = Release|x64
		Release|x86 = Release|x86
	EndGlobalSection
	GlobalSection(ProjectConfigurationPlatforms) = postSolution
		{937BF83D-D266-4E17-B81E-420A20AFCFCC}.Debug|x64.ActiveCfg = Debug|x64
		{937BF83D-D266-4E17-B81E-420A20AFCFCC}.Debug|x64.Build.0 = Debug|x64
		{937BF83D-D266-4E17-B81E-420A20AFCFCC}.Debug|x86.ActiveCfg = Debug|Win32
		{937BF83D-D266-4E17-B81E-420A20AFCFCC}.Debug|x86.Build.0 = Debug|Win32
		{937BF83D-D266-4E17-B81E-420A20AFCFCC}.Release|x64.ActiveCfg = Release|x64
		{937BF83D-D266-4E17-B81E-420A20AFCFCC}.Release|x64.Build.0 = Release|x64
		{937BF83D-D266-4E17-B81E-420A20AFCFCC}.Release|x86.ActiveCfg = Release|Win32
		{937BF83D-D266-4E17-B81E-420A20AFCFCC}.Release|x86.Build.0 = Release|Win32
	EndGlobalSection
	GlobalSection(SolutionProperties) = preSolution
		HideSolutionNode = FALSE
	EndGlobalSection
	GlobalSection(ExtensibilityGlobals) = postSolution
		SolutionGuid = {FA42EBD4-EB1E-42CC-BFEF-E07D31DE7C92}
	EndGlobalSection
EndGlobal
